{
    "_readme": [
        "This file locks the dependencies of your project to a known state",
        "Read more about it at https://getcomposer.org/doc/01-basic-usage.md#composer-lock-the-lock-file",
        "This file is @generated automatically"
    ],
    "content-hash": "ec02cc18bd0622f5055b6660366c8db1",
    "packages": [
        {
            "name": "supla/api-client",
            "version": "dev-master",
            "source": {
                "type": "git",
                "url": "https://github.com/SUPLA/api-client-php.git",
                "reference": "e8edc7369937eab4037a49ba6e1d16b2839b48d9"
            },
            "dist": {
                "type": "zip",
                "url": "https://api.github.com/repos/SUPLA/api-client-php/zipball/e8edc7369937eab4037a49ba6e1d16b2839b48d9",
                "reference": "e8edc7369937eab4037a49ba6e1d16b2839b48d9",
                "shasum": ""
            },
            "require-dev": {
                "squizlabs/php_codesniffer": "^2.8"
            },
            "type": "library",
            "autoload": {
                "psr-4": {
                    "Supla\\ApiClient\\": "src"
                }
            },
            "notification-url": "https://packagist.org/downloads/",
            "time": "2017-04-20 15:05:56"
        }
    ],
    "packages-dev": [],
    "aliases": [],
    "minimum-stability": "dev",
    "stability-flags": {
        "supla/api-client": 20
    },
    "prefer-stable": false,
    "prefer-lowest": false,
    "platform": [],
    "platform-dev": []
}
